
Microsoft Visual Studio Solution File, Format Version 12.00
# Visual Studio Version 16
VisualStudioVersion = 16.0.31702.278
MinimumVisualStudioVersion = 10.0.40219.1
Project("{888888A0-9F3D-457C-B088-3A5042F75D52}") = "homework9", "homework9\homework9.pyproj", "{1FAE1CDB-C177-4249-8F0A-D2EAC2F264C0}"
EndProject
Global
	GlobalSection(SolutionConfigurationPlatforms) = preSolution
		Debug|Any CPU = Debug|Any CPU
		Release|Any CPU = Release|Any CPU
	EndGlobalSection
	GlobalSection(ProjectConfigurationPlatforms) = postSolution
		{1FAE1CDB-C177-4249-8F0A-D2EAC2F264C0}.Debug|Any CPU.ActiveCfg = Debug|Any CPU
		{1FAE1CDB-C177-4249-8F0A-D2EAC2F264C0}.Release|Any CPU.ActiveCfg = Release|Any CPU
	EndGlobalSection
	GlobalSection(SolutionProperties) = preSolution
		HideSolutionNode = FALSE
	EndGlobalSection
	GlobalSection(ExtensibilityGlobals) = postSolution
		SolutionGuid = {B071178C-69C0-4C97-8B15-4C3D0DDFC1B8}
	EndGlobalSection
EndGlobal
